
Microsoft Visual Studio Solution File, Format Version 12.00
# Visual Studio 15
VisualStudioVersion = 15.0.26124.0
MinimumVisualStudioVersion = 15.0.26124.0
Project("{2150E333-8FDC-42A3-9474-1A3956D46DE8}") = "src", "src", "{31D2449D-CD1A-49D0-893B-29760EA13C5E}"
EndProject
Project("{FAE04EC0-301F-11D3-BF4B-00C04F79EFBC}") = "MyWebApp", "src\MyWebApp\MyWebApp.csproj", "{9A5F3F90-1E1E-45BC-AA94-A3DBD35DAD0C}"
EndProject
Project("{2150E333-8FDC-42A3-9474-1A3956D46DE8}") = "tests", "tests", "{7E696F75-9CD5-4669-95E3-BD077F77B0FB}"
EndProject
Project("{FAE04EC0-301F-11D3-BF4B-00C04F79EFBC}") = "MyWebApp.Tests", "tests\MyWebApp.Tests\MyWebApp.Tests.csproj", "{740C44BB-3B3D-4F64-979C-01773061FFEE}"
EndProject
Global
	GlobalSection(SolutionConfigurationPlatforms) = preSolution
		Debug|Any CPU = Debug|Any CPU
		Debug|x64 = Debug|x64
		Debug|x86 = Debug|x86
		Release|Any CPU = Release|Any CPU
		Release|x64 = Release|x64
		Release|x86 = Release|x86
	EndGlobalSection
	GlobalSection(SolutionProperties) = preSolution
		HideSolutionNode = FALSE
	EndGlobalSection
	GlobalSection(ProjectConfigurationPlatforms) = postSolution
		{9A5F3F90-1E1E-45BC-AA94-A3DBD35DAD0C}.Debug|Any CPU.ActiveCfg = Debug|Any CPU
		{9A5F3F90-1E1E-45BC-AA94-A3DBD35DAD0C}.Debug|Any CPU.Build.0 = Debug|Any CPU
		{9A5F3F90-1E1E-45BC-AA94-A3DBD35DAD0C}.Debug|x64.ActiveCfg = Debug|Any CPU
		{9A5F3F90-1E1E-45BC-AA94-A3DBD35DAD0C}.Debug|x64.Build.0 = Debug|Any CPU
		{9A5F3F90-1E1E-45BC-AA94-A3DBD35DAD0C}.Debug|x86.ActiveCfg = Debug|Any CPU
		{9A5F3F90-1E1E-45BC-AA94-A3DBD35DAD0C}.Debug|x86.Build.0 = Debug|Any CPU
		{9A5F3F90-1E1E-45BC-AA94-A3DBD35DAD0C}.Release|Any CPU.ActiveCfg = Release|Any CPU
		{9A5F3F90-1E1E-45BC-AA94-A3DBD35DAD0C}.Release|Any CPU.Build.0 = Release|Any CPU
		{9A5F3F90-1E1E-45BC-AA94-A3DBD35DAD0C}.Release|x64.ActiveCfg = Release|Any CPU
		{9A5F3F90-1E1E-45BC-AA94-A3DBD35DAD0C}.Release|x64.Build.0 = Release|Any CPU
		{9A5F3F90-1E1E-45BC-AA94-A3DBD35DAD0C}.Release|x86.ActiveCfg = Release|Any CPU
		{9A5F3F90-1E1E-45BC-AA94-A3DBD35DAD0C}.Release|x86.Build.0 = Release|Any CPU
		{740C44BB-3B3D-4F64-979C-01773061FFEE}.Debug|Any CPU.ActiveCfg = Debug|Any CPU
		{740C44BB-3B3D-4F64-979C-01773061FFEE}.Debug|Any CPU.Build.0 = Debug|Any CPU
		{740C44BB-3B3D-4F64-979C-01773061FFEE}.Debug|x64.ActiveCfg = Debug|Any CPU
		{740C44BB-3B3D-4F64-979C-01773061FFEE}.Debug|x64.Build.0 = Debug|Any CPU
		{740C44BB-3B3D-4F64-979C-01773061FFEE}.Debug|x86.ActiveCfg = Debug|Any CPU
		{740C44BB-3B3D-4F64-979C-01773061FFEE}.Debug|x86.Build.0 = Debug|Any CPU
		{740C44BB-3B3D-4F64-979C-01773061FFEE}.Release|Any CPU.ActiveCfg = Release|Any CPU
		{740C44BB-3B3D-4F64-979C-01773061FFEE}.Release|Any CPU.Build.0 = Release|Any CPU
		{740C44BB-3B3D-4F64-979C-01773061FFEE}.Release|x64.ActiveCfg = Release|Any CPU
		{740C44BB-3B3D-4F64-979C-01773061FFEE}.Release|x64.Build.0 = Release|Any CPU
		{740C44BB-3B3D-4F64-979C-01773061FFEE}.Release|x86.ActiveCfg = Release|Any CPU
		{740C44BB-3B3D-4F64-979C-01773061FFEE}.Release|x86.Build.0 = Release|Any CPU
	EndGlobalSection
	GlobalSection(NestedProjects) = preSolution
		{9A5F3F90-1E1E-45BC-AA94-A3DBD35DAD0C} = {31D2449D-CD1A-49D0-893B-29760EA13C5E}
		{740C44BB-3B3D-4F64-979C-01773061FFEE} = {7E696F75-9CD5-4669-95E3-BD077F77B0FB}
	EndGlobalSection
EndGlobal
